// !$*UTF8*$!
{
	archiveVersion = 1;
	classes = {
	};
	objectVersion = 50;
	objects = {

/* Begin PBXBuildFile section */
		04FB79E7B67B4B4203EC5A5D /* Pods_Experiments_Socket_IO.framework in Frameworks */ = {isa = PBXBuildFile; fileRef = 6585AC8D36354AA497C11629 /* Pods_Experiments_Socket_IO.framework */; };
		49D070DE2108874D00335935 /* AppDelegate.swift in Sources */ = {isa = PBXBuildFile; fileRef = 49D070DD2108874D00335935 /* AppDelegate.swift */; };
		49D070E02108874D00335935 /* ViewController.swift in Sources */ = {isa = PBXBuildFile; fileRef = 49D070DF2108874D00335935 /* ViewController.swift */; };
		49D070E32108874D00335935 /* Main.storyboard in Resources */ = {isa = PBXBuildFile; fileRef = 49D070E12108874D00335935 /* Main.storyboard */; };
		49D070E52108875100335935 /* Assets.xcassets in Resources */ = {isa = PBXBuildFile; fileRef = 49D070E42108875100335935 /* Assets.xcassets */; };
		49D070E82108875100335935 /* LaunchScreen.storyboard in Resources */ = {isa = PBXBuildFile; fileRef = 49D070E62108875100335935 /* LaunchScreen.storyboard */; };
/* End PBXBuildFile section */

/* Begin PBXFileReference section */
		49D070DA2108874C00335935 /* Experiments-Socket-IO.app */ = {isa = PBXFileReference; explicitFileType = wrapper.application; includeInIndex = 0; path = "Experiments-Socket-IO.app"; sourceTree = BUILT_PRODUCTS_DIR; };
		49D070DD2108874D00335935 /* AppDelegate.swift */ = {isa = PBXFileReference; lastKnownFileType = sourcecode.swift; path = AppDelegate.swift; sourceTree = "<group>"; };
		49D070DF2108874D00335935 /* ViewController.swift */ = {isa = PBXFileReference; lastKnownFileType = sourcecode.swift; path = ViewController.swift; sourceTree = "<group>"; };
		49D070E22108874D00335935 /* Base */ = {isa = PBXFileReference; lastKnownFileType = file.storyboard; name = Base; path = Base.lproj/Main.storyboard; sourceTree = "<group>"; };
		49D070E42108875100335935 /* Assets.xcassets */ = {isa = PBXFileReference; lastKnownFileType = folder.assetcatalog; path = Assets.xcassets; sourceTree = "<group>"; };
		49D070E72108875100335935 /* Base */ = {isa = PBXFileReference; lastKnownFileType = file.storyboard; name = Base; path = Base.lproj/LaunchScreen.storyboard; sourceTree = "<group>"; };
		49D070E92108875100335935 /* Info.plist */ = {isa = PBXFileReference; lastKnownFileType = text.plist.xml; path = Info.plist; sourceTree = "<group>"; };
		5EBA612704D6B1775E5AE80E /* Pods-Experiments-Socket-IO.release.xcconfig */ = {isa = PBXFileReference; includeInIndex = 1; lastKnownFileType = text.xcconfig; name = "Pods-Experiments-Socket-IO.release.xcconfig"; path = "Pods/Target Support Files/Pods-Experiments-Socket-IO/Pods-Experiments-Socket-IO.release.xcconfig"; sourceTree = "<group>"; };
		6585AC8D36354AA497C11629 /* Pods_Experiments_Socket_IO.framework */ = {isa = PBXFileReference; explicitFileType = wrapper.framework; includeInIndex = 0; path = Pods_Experiments_Socket_IO.framework; sourceTree = BUILT_PRODUCTS_DIR; };
		E54EDBC4C589FF7F2F3984C6 /* Pods-Experiments-Socket-IO.debug.xcconfig */ = {isa = PBXFileReference; includeInIndex = 1; lastKnownFileType = text.xcconfig; name = "Pods-Experiments-Socket-IO.debug.xcconfig"; path = "Pods/Target Support Files/Pods-Experiments-Socket-IO/Pods-Experiments-Socket-IO.debug.xcconfig"; sourceTree = "<group>"; };
/* End PBXFileReference section */

/* Begin PBXFrameworksBuildPhase section */
		49D070D72108874C00335935 /* Frameworks */ = {
			isa = PBXFrameworksBuildPhase;
			buildActionMask = 2147483647;
			files = (
				04FB79E7B67B4B4203EC5A5D /* Pods_Experiments_Socket_IO.framework in Frameworks */,
			);
			runOnlyForDeploymentPostprocessing = 0;
		};
/* End PBXFrameworksBuildPhase section */

/* Begin PBXGroup section */
		49D070D12108874C00335935 = {
			isa = PBXGroup;
			children = (
				49D070DC2108874C00335935 /* Experiments-Socket-IO */,
				49D070DB2108874C00335935 /* Products */,
				9AEF00EBEFBD7DD9F5349606 /* Pods */,
				6E038F8BBF2CAB59F5CEAADF /* Frameworks */,
			);
			sourceTree = "<group>";
		};
		49D070DB2108874C00335935 /* Products */ = {
			isa = PBXGroup;
			children = (
				49D070DA2108874C00335935 /* Experiments-Socket-IO.app */,
			);
			name = Products;
			sourceTree = "<group>";
		};
		49D070DC2108874C00335935 /* Experiments-Socket-IO */ = {
			isa = PBXGroup;
			children = (
				49D070DD2108874D00335935 /* AppDelegate.swift */,
				49D070DF2108874D00335935 /* ViewController.swift */,
				49D070E12108874D00335935 /* Main.storyboard */,
				49D070E42108875100335935 /* Assets.xcassets */,
				49D070E62108875100335935 /* LaunchScreen.storyboard */,
				49D070E92108875100335935 /* Info.plist */,
			);
			path = "Experiments-Socket-IO";
			sourceTree = "<group>";
		};
		6E038F8BBF2CAB59F5CEAADF /* Frameworks */ = {
			isa = PBXGroup;
			children = (
				6585AC8D36354AA497C11629 /* Pods_Experiments_Socket_IO.framework */,
			);
			name = Frameworks;
			sourceTree = "<group>";
		};
		9AEF00EBEFBD7DD9F5349606 /* Pods */ = {
			isa = PBXGroup;
			children = (
				E54EDBC4C589FF7F2F3984C6 /* Pods-Experiments-Socket-IO.debug.xcconfig */,
				5EBA612704D6B1775E5AE80E /* Pods-Experiments-Socket-IO.release.xcconfig */,
			);
			name = Pods;
			sourceTree = "<group>";
		};
/* End PBXGroup section */

/* Begin PBXNativeTarget section */
		49D070D92108874C00335935 /* Experiments-Socket-IO */ = {
			isa = PBXNativeTarget;
			buildConfigurationList = 49D070EC2108875100335935 /* Build configuration list for PBXNativeTarget "Experiments-Socket-IO" */;
			buildPhases = (
				9B01253F079BC4353296AB0B /* [CP] Check Pods Manifest.lock */,
				49D070D62108874C00335935 /* Sources */,
				49D070D72108874C00335935 /* Frameworks */,
				49D070D82108874C00335935 /* Resources */,
				910DE92562A28CFA1DCE205A /* [CP] Embed Pods Frameworks */,
			);
			buildRules = (
			);
			dependencies = (
			);
			name = "Experiments-Socket-IO";
			productName = "Experiments-Socket-IO";
			productReference = 49D070DA2108874C00335935 /* Experiments-Socket-IO.app */;
			productType = "com.apple.product-type.application";
		};
/* End PBXNativeTarget section */

/* Begin PBXProject section */
		49D070D22108874C00335935 /* Project object */ = {
			isa = PBXProject;
			attributes = {
				LastSwiftUpdateCheck = 0940;
				LastUpgradeCheck = 0940;
				ORGANIZATIONNAME = 0x384c0;
				TargetAttributes = {
					49D070D92108874C00335935 = {
						CreatedOnToolsVersion = 9.4.1;
					};
				};
			};
			buildConfigurationList = 49D070D52108874C00335935 /* Build configuration list for PBXProject "Experiments-Socket-IO" */;
			compatibilityVersion = "Xcode 9.3";
			developmentRegion = en;
			hasScannedForEncodings = 0;
			knownRegions = (
				en,
				Base,
			);
			mainGroup = 49D070D12108874C00335935;
			productRefGroup = 49D070DB2108874C00335935 /* Products */;
			projectDirPath = "";
			projectRoot = "";
			targets = (
				49D070D92108874C00335935 /* Experiments-Socket-IO */,
			);
		};
/* End PBXProject section */

/* Begin PBXResourcesBuildPhase section */
		49D070D82108874C00335935 /* Resources */ = {
			isa = PBXResourcesBuildPhase;
			buildActionMask = 2147483647;
			files = (
				49D070E82108875100335935 /* LaunchScreen.storyboard in Resources */,
				49D070E52108875100335935 /* Assets.xcassets in Resources */,
				49D070E32108874D00335935 /* Main.storyboard in Resources */,
			);
			runOnlyForDeploymentPostprocessing = 0;
		};
/* End PBXResourcesBuildPhase section */

/* Begin PBXShellScriptBuildPhase section */
		910DE92562A28CFA1DCE205A /* [CP] Embed Pods Frameworks */ = {
			isa = PBXShellScriptBuildPhase;
			buildActionMask = 2147483647;
			files = (
			);
			inputPaths = (
				"${SRCROOT}/Pods/Target Support Files/Pods-Experiments-Socket-IO/Pods-Experiments-Socket-IO-frameworks.sh",
				"${BUILT_PRODUCTS_DIR}/Socket.IO-Client-Swift/SocketIO.framework",
				"${BUILT_PRODUCTS_DIR}/Starscream/Starscream.framework",
			);
			name = "[CP] Embed Pods Frameworks";
			outputPaths = (
				"${TARGET_BUILD_DIR}/${FRAMEWORKS_FOLDER_PATH}/SocketIO.framework",
				"${TARGET_BUILD_DIR}/${FRAMEWORKS_FOLDER_PATH}/Starscream.framework",
			);
			runOnlyForDeploymentPostprocessing = 0;
			shellPath = /bin/sh;
			shellScript = "\"${SRCROOT}/Pods/Target Support Files/Pods-Experiments-Socket-IO/Pods-Experiments-Socket-IO-frameworks.sh\"\n";
			showEnvVarsInLog = 0;
		};
		9B01253F079BC4353296AB0B /* [CP] Check Pods Manifest.lock */ = {
			isa = PBXShellScriptBuildPhase;
			buildActionMask = 2147483647;
			files = (
			);
			inputPaths = (
				"${PODS_PODFILE_DIR_PATH}/Podfile.lock",
				"${PODS_ROOT}/Manifest.lock",
			);
			name = "[CP] Check Pods Manifest.lock";
			outputPaths = (
				"$(DERIVED_FILE_DIR)/Pods-Experiments-Socket-IO-checkManifestLockResult.txt",
			);
			runOnlyForDeploymentPostprocessing = 0;
			shellPath = /bin/sh;
			shellScript = "diff \"${PODS_PODFILE_DIR_PATH}/Podfile.lock\" \"${PODS_ROOT}/Manifest.lock\" > /dev/null\nif [ $? != 0 ] ; then\n    # print error to STDERR\n    echo \"error: The sandbox is not in sync with the Podfile.lock. Run 'pod install' or update your CocoaPods installation.\" >&2\n    exit 1\nfi\n# This output is used by Xcode 'outputs' to avoid re-running this script phase.\necho \"SUCCESS\" > \"${SCRIPT_OUTPUT_FILE_0}\"\n";
			showEnvVarsInLog = 0;
		};
/* End PBXShellScriptBuildPhase section */

/* Begin PBXSourcesBuildPhase section */
		49D070D62108874C00335935 /* Sources */ = {
			isa = PBXSourcesBuildPhase;
			buildActionMask = 2147483647;
			files = (
				49D070E02108874D00335935 /* ViewController.swift in Sources */,
				49D070DE2108874D00335935 /* AppDelegate.swift in Sources */,
			);
			runOnlyForDeploymentPostprocessing = 0;
		};
/* End PBXSourcesBuildPhase section */

/* Begin PBXVariantGroup section */
		49D070E12108874D00335935 /* Main.storyboard */ = {
			isa = PBXVariantGroup;
			children = (
				49D070E22108874D00335935 /* Base */,
			);
			name = Main.storyboard;
			sourceTree = "<group>";
		};
		49D070E62108875100335935 /* LaunchScreen.storyboard */ = {
			isa = PBXVariantGroup;
			children = (
				49D070E72108875100335935 /* Base */,
			);
			name = LaunchScreen.storyboard;
			sourceTree = "<group>";
		};
/* End PBXVariantGroup section */

/* Begin XCBuildConfiguration section */
		49D070EA2108875100335935 /* Debug */ = {
			isa = XCBuildConfiguration;
			buildSettings = {
				ALWAYS_SEARCH_USER_PATHS = NO;
				CLANG_ANALYZER_NONNULL = YES;
				CLANG_ANALYZER_NUMBER_OBJECT_CONVERSION = YES_AGGRESSIVE;
				CLANG_CXX_LANGUAGE_STANDARD = "gnu++14";
				CLANG_CXX_LIBRARY = "libc++";
				CLANG_ENABLE_MODULES = YES;
				CLANG_ENABLE_OBJC_ARC = YES;
				CLANG_ENABLE_OBJC_WEAK = YES;
				CLANG_WARN_BLOCK_CAPTURE_AUTORELEASING = YES;
				CLANG_WARN_BOOL_CONVERSION = YES;
				CLANG_WARN_COMMA = YES;
				CLANG_WARN_CONSTANT_CONVERSION = YES;
				CLANG_WARN_DEPRECATED_OBJC_IMPLEMENTATIONS = YES;
				CLANG_WARN_DIRECT_OBJC_ISA_USAGE = YES_ERROR;
				CLANG_WARN_DOCUMENTATION_COMMENTS = YES;
				CLANG_WARN_EMPTY_BODY = YES;
				CLANG_WARN_ENUM_CONVERSION = YES;
				CLANG_WARN_INFINITE_RECURSION = YES;
				CLANG_WARN_INT_CONVERSION = YES;
				CLANG_WARN_NON_LITERAL_NULL_CONVERSION = YES;
				CLANG_WARN_OBJC_IMPLICIT_RETAIN_SELF = YES;
				CLANG_WARN_OBJC_LITERAL_CONVERSION = YES;
				CLANG_WARN_OBJC_ROOT_CLASS = YES_ERROR;
				CLANG_WARN_RANGE_LOOP_ANALYSIS = YES;
				CLANG_WARN_STRICT_PROTOTYPES = YES;
				CLANG_WARN_SUSPICIOUS_MOVE = YES;
				CLANG_WARN_UNGUARDED_AVAILABILITY = YES_AGGRESSIVE;
				CLANG_WARN_UNREACHABLE_CODE = YES;
				CLANG_WARN__DUPLICATE_METHOD_MATCH = YES;
				CODE_SIGN_IDENTITY = "iPhone Developer";
				COPY_PHASE_STRIP = NO;
				DEBUG_INFORMATION_FORMAT = dwarf;
				ENABLE_STRICT_OBJC_MSGSEND = YES;
				ENABLE_TESTABILITY = YES;
				GCC_C_LANGUAGE_STANDARD = gnu11;
				GCC_DYNAMIC_NO_PIC = NO;
				GCC_NO_COMMON_BLOCKS = YES;
				GCC_OPTIMIZATION_LEVEL = 0;
				GCC_PREPROCESSOR_DEFINITIONS = (
					"DEBUG=1",
					"$(inherited)",
				);
				GCC_WARN_64_TO_32_BIT_CONVERSION = YES;
				GCC_WARN_ABOUT_RETURN_TYPE = YES_ERROR;
				GCC_WARN_UNDECLARED_SELECTOR = YES;
				GCC_WARN_UNINITIALIZED_AUTOS = YES_AGGRESSIVE;
				GCC_WARN_UNUSED_FUNCTION = YES;
				GCC_WARN_UNUSED_VARIABLE = YES;
				IPHONEOS_DEPLOYMENT_TARGET = 11.4;
				MTL_ENABLE_DEBUG_INFO = YES;
				ONLY_ACTIVE_ARCH = YES;
				SDKROOT = iphoneos;
				SWIFT_ACTIVE_COMPILATION_CONDITIONS = DEBUG;
				SWIFT_OPTIMIZATION_LEVEL = "-Onone";
			};
			name = Debug;
		};
		49D070EB2108875100335935 /* Release */ = {
			isa = XCBuildConfiguration;
			buildSettings = {
				ALWAYS_SEARCH_USER_PATHS = NO;
				CLANG_ANALYZER_NONNULL = YES;
				CLANG_ANALYZER_NUMBER_OBJECT_CONVERSION = YES_AGGRESSIVE;
				CLANG_CXX_LANGUAGE_STANDARD = "gnu++14";
				CLANG_CXX_LIBRARY = "libc++";
				CLANG_ENABLE_MODULES = YES;
				CLANG_ENABLE_OBJC_ARC = YES;
				CLANG_ENABLE_OBJC_WEAK = YES;
				CLANG_WARN_BLOCK_CAPTURE_AUTORELEASING = YES;
				CLANG_WARN_BOOL_CONVERSION = YES;
				CLANG_WARN_COMMA = YES;
				CLANG_WARN_CONSTANT_CONVERSION = YES;
				CLANG_WARN_DEPRECATED_OBJC_IMPLEMENTATIONS = YES;
				CLANG_WARN_DIRECT_OBJC_ISA_USAGE = YES_ERROR;
				CLANG_WARN_DOCUMENTATION_COMMENTS = YES;
				CLANG_WARN_EMPTY_BODY = YES;
				CLANG_WARN_ENUM_CONVERSION = YES;
				CLANG_WARN_INFINITE_RECURSION = YES;
				CLANG_WARN_INT_CONVERSION = YES;
				CLANG_WARN_NON_LITERAL_NULL_CONVERSION = YES;
				CLANG_WARN_OBJC_IMPLICIT_RETAIN_SELF = YES;
				CLANG_WARN_OBJC_LITERAL_CONVERSION = YES;
				CLANG_WARN_OBJC_ROOT_CLASS = YES_ERROR;
				CLANG_WARN_RANGE_LOOP_ANALYSIS = YES;
				CLANG_WARN_STRICT_PROTOTYPES = YES;
				CLANG_WARN_SUSPICIOUS_MOVE = YES;
				CLANG_WARN_UNGUARDED_AVAILABILITY = YES_AGGRESSIVE;
				CLANG_WARN_UNREACHABLE_CODE = YES;
				CLANG_WARN__DUPLICATE_METHOD_MATCH = YES;
				CODE_SIGN_IDENTITY = "iPhone Developer";
				COPY_PHASE_STRIP = NO;
				DEBUG_INFORMATION_FORMAT = "dwarf-with-dsym";
				ENABLE_NS_ASSERTIONS = NO;
				ENABLE_STRICT_OBJC_MSGSEND = YES;
				GCC_C_LANGUAGE_STANDARD = gnu11;
				GCC_NO_COMMON_BLOCKS = YES;
				GCC_WARN_64_TO_32_BIT_CONVERSION = YES;
				GCC_WARN_ABOUT_RETURN_TYPE = YES_ERROR;
				GCC_WARN_UNDECLARED_SELECTOR = YES;
				GCC_WARN_UNINITIALIZED_AUTOS = YES_AGGRESSIVE;
				GCC_WARN_UNUSED_FUNCTION = YES;
				GCC_WARN_UNUSED_VARIABLE = YES;
				IPHONEOS_DEPLOYMENT_TARGET = 11.4;
				MTL_ENABLE_DEBUG_INFO = NO;
				SDKROOT = iphoneos;
				SWIFT_COMPILATION_MODE = wholemodule;
				SWIFT_OPTIMIZATION_LEVEL = "-O";
				VALIDATE_PRODUCT = YES;
			};
			name = Release;
		};
		49D070ED2108875100335935 /* Debug */ = {
			isa = XCBuildConfiguration;
			baseConfigurationReference = E54EDBC4C589FF7F2F3984C6 /* Pods-Experiments-Socket-IO.debug.xcconfig */;
			buildSettings = {
				ASSETCATALOG_COMPILER_APPICON_NAME = AppIcon;
				CODE_SIGN_STYLE = Automatic;
				DEVELOPMENT_TEAM = AW8RFH6CD4;
				INFOPLIST_FILE = "Experiments-Socket-IO/Info.plist";
				LD_RUNPATH_SEARCH_PATHS = "$(inherited) @executable_path/Frameworks";
				PRODUCT_BUNDLE_IDENTIFIER = "com.0x384c0.Experiments-Socket-IO";
				PRODUCT_NAME = "$(TARGET_NAME)";
				SWIFT_VERSION = 4.0;
				TARGETED_DEVICE_FAMILY = "1,2";
			};
			name = Debug;
		};
		49D070EE2108875100335935 /* Release */ = {
			isa = XCBuildConfiguration;
			baseConfigurationReference = 5EBA612704D6B1775E5AE80E /* Pods-Experiments-Socket-IO.release.xcconfig */;
			buildSettings = {
				ASSETCATALOG_COMPILER_APPICON_NAME = AppIcon;
				CODE_SIGN_STYLE = Automatic;
				DEVELOPMENT_TEAM = AW8RFH6CD4;
				INFOPLIST_FILE = "Experiments-Socket-IO/Info.plist";
				LD_RUNPATH_SEARCH_PATHS = "$(inherited) @executable_path/Frameworks";
				PRODUCT_BUNDLE_IDENTIFIER = "com.0x384c0.Experiments-Socket-IO";
				PRODUCT_NAME = "$(TARGET_NAME)";
				SWIFT_VERSION = 4.0;
				TARGETED_DEVICE_FAMILY = "1,2";
			};
			name = Release;
		};
/* End XCBuildConfiguration section */

/* Begin XCConfigurationList section */
		49D070D52108874C00335935 /* Build configuration list for PBXProject "Experiments-Socket-IO" */ = {
			isa = XCConfigurationList;
			buildConfigurations = (
				49D070EA2108875100335935 /* Debug */,
				49D070EB2108875100335935 /* Release */,
			);
			defaultConfigurationIsVisible = 0;
			defaultConfigurationName = Release;
		};
		49D070EC2108875100335935 /* Build configuration list for PBXNativeTarget "Experiments-Socket-IO" */ = {
			isa = XCConfigurationList;
			buildConfigurations = (
				49D070ED2108875100335935 /* Debug */,
				49D070EE2108875100335935 /* Release */,
			);
			defaultConfigurationIsVisible = 0;
			defaultConfigurationName = Release;
		};
/* End XCConfigurationList section */
	};
	rootObject = 49D070D22108874C00335935 /* Project object */;
}
